
Microsoft Visual Studio Solution File, Format Version 11.00
# Visual Studio 2010
Project("{8BC9CEB8-8B4A-11D0-8D11-00A0C91BC942}") = "gwp", "gwp.vcxproj", "{5BB90660-AA0B-3640-E27B-7BA1ACEA85E0}"
EndProject
Global
	GlobalSection(SolutionConfigurationPlatforms) = preSolution
		Release|Win32 = Release|Win32
		Release|x64 = Release|x64
		Template|Win32 = Template|Win32
		Template|x64 = Template|x64
	EndGlobalSection
	GlobalSection(ProjectConfigurationPlatforms) = postSolution
		{5BB90660-AA0B-3640-E27B-7BA1ACEA85E0}.Release|Win32.ActiveCfg = Release|Win32
		{5BB90660-AA0B-3640-E27B-7BA1ACEA85E0}.Release|Win32.Build.0 = Release|Win32
		{5BB90660-AA0B-3640-E27B-7BA1ACEA85E0}.Release|x64.ActiveCfg = Release|x64
		{5BB90660-AA0B-3640-E27B-7BA1ACEA85E0}.Release|x64.Build.0 = Release|x64
		{5BB90660-AA0B-3640-E27B-7BA1ACEA85E0}.Template|Win32.ActiveCfg = Template|Win32
		{5BB90660-AA0B-3640-E27B-7BA1ACEA85E0}.Template|Win32.Build.0 = Template|Win32
		{5BB90660-AA0B-3640-E27B-7BA1ACEA85E0}.Template|x64.ActiveCfg = Template|x64
		{5BB90660-AA0B-3640-E27B-7BA1ACEA85E0}.Template|x64.Build.0 = Template|x64
	EndGlobalSection
	GlobalSection(SolutionProperties) = preSolution
		HideSolutionNode = FALSE
	EndGlobalSection
EndGlobal
